
Microsoft Visual Studio Solution File, Format Version 12.00
# Visual Studio Version 16
VisualStudioVersion = 16.0.30204.135
MinimumVisualStudioVersion = 10.0.40219.1
Project("{9A19103F-16F7-4668-BE54-9A1E7A4F7556}") = "TryingFLURL", "TryingFLURL.csproj", "{B4C8F11E-19A1-4DE1-A57D-1EF9F0ECBACA}"
EndProject
Global
	GlobalSection(SolutionConfigurationPlatforms) = preSolution
		Debug|Any CPU = Debug|Any CPU
		Release|Any CPU = Release|Any CPU
	EndGlobalSection
	GlobalSection(ProjectConfigurationPlatforms) = postSolution
		{B4C8F11E-19A1-4DE1-A57D-1EF9F0ECBACA}.Debug|Any CPU.ActiveCfg = Debug|Any CPU
		{B4C8F11E-19A1-4DE1-A57D-1EF9F0ECBACA}.Debug|Any CPU.Build.0 = Debug|Any CPU
		{B4C8F11E-19A1-4DE1-A57D-1EF9F0ECBACA}.Release|Any CPU.ActiveCfg = Release|Any CPU
		{B4C8F11E-19A1-4DE1-A57D-1EF9F0ECBACA}.Release|Any CPU.Build.0 = Release|Any CPU
	EndGlobalSection
	GlobalSection(SolutionProperties) = preSolution
		HideSolutionNode = FALSE
	EndGlobalSection
	GlobalSection(ExtensibilityGlobals) = postSolution
		SolutionGuid = {E051A274-304A-4159-93D1-5F1B7E111AA4}
	EndGlobalSection
EndGlobal
